
Microsoft Visual Studio Solution File, Format Version 12.00
# Visual Studio 15
Project("{FAE04EC0-301F-11D3-BF4B-00C04F79EFBC}") = "Assembly-CSharp", "Assembly-CSharp.csproj", "{801896ED-C0BC-6E51-892B-41AA8EAAEB4D}"
EndProject
Global
	GlobalSection(SolutionConfigurationPlatforms) = preSolution
		Debug|Any CPU = Debug|Any CPU
		Release|Any CPU = Release|Any CPU
	EndGlobalSection
	GlobalSection(ProjectConfigurationPlatforms) = postSolution
		{801896ED-C0BC-6E51-892B-41AA8EAAEB4D}.Debug|Any CPU.ActiveCfg = Debug|Any CPU
		{801896ED-C0BC-6E51-892B-41AA8EAAEB4D}.Debug|Any CPU.Build.0 = Debug|Any CPU
		{801896ED-C0BC-6E51-892B-41AA8EAAEB4D}.Release|Any CPU.ActiveCfg = Release|Any CPU
		{801896ED-C0BC-6E51-892B-41AA8EAAEB4D}.Release|Any CPU.Build.0 = Release|Any CPU
	EndGlobalSection
	GlobalSection(SolutionProperties) = preSolution
		HideSolutionNode = FALSE
	EndGlobalSection
EndGlobal
