
Microsoft Visual Studio Solution File, Format Version 12.00
# Visual Studio 15
Project("{FAE04EC0-301F-11D3-BF4B-00C04F79EFBC}") = "Assembly-CSharp", "Assembly-CSharp.csproj", "{D312FE91-9ED7-DE20-3E02-9EE3ECFC1EFE}"
EndProject
Global
	GlobalSection(SolutionConfigurationPlatforms) = preSolution
		Debug|Any CPU = Debug|Any CPU
		Release|Any CPU = Release|Any CPU
	EndGlobalSection
	GlobalSection(ProjectConfigurationPlatforms) = postSolution
		{D312FE91-9ED7-DE20-3E02-9EE3ECFC1EFE}.Debug|Any CPU.ActiveCfg = Debug|Any CPU
		{D312FE91-9ED7-DE20-3E02-9EE3ECFC1EFE}.Debug|Any CPU.Build.0 = Debug|Any CPU
		{D312FE91-9ED7-DE20-3E02-9EE3ECFC1EFE}.Release|Any CPU.ActiveCfg = Release|Any CPU
		{D312FE91-9ED7-DE20-3E02-9EE3ECFC1EFE}.Release|Any CPU.Build.0 = Release|Any CPU
	EndGlobalSection
	GlobalSection(SolutionProperties) = preSolution
		HideSolutionNode = FALSE
	EndGlobalSection
EndGlobal
