
Microsoft Visual Studio Solution File, Format Version 12.00
# Visual Studio Version 16
VisualStudioVersion = 16.0.29424.173
MinimumVisualStudioVersion = 10.0.40219.1
Project("{FAE04EC0-301F-11D3-BF4B-00C04F79EFBC}") = "Discordbotlearning", "Discordbotlearning\Discordbotlearning.csproj", "{3E60F0FC-EF00-45A6-B65C-47BCD4676219}"
EndProject
Global
	GlobalSection(SolutionConfigurationPlatforms) = preSolution
		Debug|Any CPU = Debug|Any CPU
		Release|Any CPU = Release|Any CPU
	EndGlobalSection
	GlobalSection(ProjectConfigurationPlatforms) = postSolution
		{3E60F0FC-EF00-45A6-B65C-47BCD4676219}.Debug|Any CPU.ActiveCfg = Debug|Any CPU
		{3E60F0FC-EF00-45A6-B65C-47BCD4676219}.Debug|Any CPU.Build.0 = Debug|Any CPU
		{3E60F0FC-EF00-45A6-B65C-47BCD4676219}.Release|Any CPU.ActiveCfg = Release|Any CPU
		{3E60F0FC-EF00-45A6-B65C-47BCD4676219}.Release|Any CPU.Build.0 = Release|Any CPU
	EndGlobalSection
	GlobalSection(SolutionProperties) = preSolution
		HideSolutionNode = FALSE
	EndGlobalSection
	GlobalSection(ExtensibilityGlobals) = postSolution
		SolutionGuid = {78E37E78-BACC-49B6-86DA-F2E63D2F448C}
	EndGlobalSection
EndGlobal
