
Microsoft Visual Studio Solution File, Format Version 12.00
# Visual Studio 16
Project("{FAE04EC0-301F-11D3-BF4B-00C04F79EFBC}") = "Assembly-CSharp", "Assembly-CSharp.csproj", "{8459459F-70A3-D1DC-6152-AFDE70B963EE}"
EndProject
Project("{FAE04EC0-301F-11D3-BF4B-00C04F79EFBC}") = "Assembly-CSharp-firstpass", "Assembly-CSharp-firstpass.csproj", "{41874C5E-0B76-88FC-9AAF-81610BD3AD17}"
EndProject
Project("{FAE04EC0-301F-11D3-BF4B-00C04F79EFBC}") = "Assembly-CSharp-Editor-firstpass", "Assembly-CSharp-Editor-firstpass.csproj", "{47965B12-B126-70A2-2F7C-D70B88E4FC1C}"
EndProject
Global
	GlobalSection(SolutionConfigurationPlatforms) = preSolution
		Debug|Any CPU = Debug|Any CPU
		Release|Any CPU = Release|Any CPU
	EndGlobalSection
	GlobalSection(ProjectConfigurationPlatforms) = postSolution
		{8459459F-70A3-D1DC-6152-AFDE70B963EE}.Debug|Any CPU.ActiveCfg = Debug|Any CPU
		{8459459F-70A3-D1DC-6152-AFDE70B963EE}.Debug|Any CPU.Build.0 = Debug|Any CPU
		{8459459F-70A3-D1DC-6152-AFDE70B963EE}.Release|Any CPU.ActiveCfg = Release|Any CPU
		{8459459F-70A3-D1DC-6152-AFDE70B963EE}.Release|Any CPU.Build.0 = Release|Any CPU
		{41874C5E-0B76-88FC-9AAF-81610BD3AD17}.Debug|Any CPU.ActiveCfg = Debug|Any CPU
		{41874C5E-0B76-88FC-9AAF-81610BD3AD17}.Debug|Any CPU.Build.0 = Debug|Any CPU
		{41874C5E-0B76-88FC-9AAF-81610BD3AD17}.Release|Any CPU.ActiveCfg = Release|Any CPU
		{41874C5E-0B76-88FC-9AAF-81610BD3AD17}.Release|Any CPU.Build.0 = Release|Any CPU
		{47965B12-B126-70A2-2F7C-D70B88E4FC1C}.Debug|Any CPU.ActiveCfg = Debug|Any CPU
		{47965B12-B126-70A2-2F7C-D70B88E4FC1C}.Debug|Any CPU.Build.0 = Debug|Any CPU
		{47965B12-B126-70A2-2F7C-D70B88E4FC1C}.Release|Any CPU.ActiveCfg = Release|Any CPU
		{47965B12-B126-70A2-2F7C-D70B88E4FC1C}.Release|Any CPU.Build.0 = Release|Any CPU
	EndGlobalSection
	GlobalSection(SolutionProperties) = preSolution
		HideSolutionNode = FALSE
	EndGlobalSection
EndGlobal
