
Microsoft Visual Studio Solution File, Format Version 12.00
# Visual Studio Version 16
VisualStudioVersion = 16.0.29519.87
MinimumVisualStudioVersion = 10.0.40219.1
Project("{FAE04EC0-301F-11D3-BF4B-00C04F79EFBC}") = "Learning Linq qeuries", "Learning Linq qeuries.csproj", "{A273CE0C-6D7E-4D56-A4AE-9E162DF70F4F}"
EndProject
Global
	GlobalSection(SolutionConfigurationPlatforms) = preSolution
		Debug|Any CPU = Debug|Any CPU
		Release|Any CPU = Release|Any CPU
	EndGlobalSection
	GlobalSection(ProjectConfigurationPlatforms) = postSolution
		{A273CE0C-6D7E-4D56-A4AE-9E162DF70F4F}.Debug|Any CPU.ActiveCfg = Debug|Any CPU
		{A273CE0C-6D7E-4D56-A4AE-9E162DF70F4F}.Debug|Any CPU.Build.0 = Debug|Any CPU
		{A273CE0C-6D7E-4D56-A4AE-9E162DF70F4F}.Release|Any CPU.ActiveCfg = Release|Any CPU
		{A273CE0C-6D7E-4D56-A4AE-9E162DF70F4F}.Release|Any CPU.Build.0 = Release|Any CPU
	EndGlobalSection
	GlobalSection(SolutionProperties) = preSolution
		HideSolutionNode = FALSE
	EndGlobalSection
	GlobalSection(ExtensibilityGlobals) = postSolution
		SolutionGuid = {0EB2A318-427C-4FD6-BFB7-745F7E5E0CBF}
	EndGlobalSection
EndGlobal
